# This file was autogenerated by Stack.
# You should not edit this file by hand.
# For more information, please see the documentation at:
#   https://docs.haskellstack.org/en/stable/lock_files

packages:
- completed:
    hackage: fgl-visualize-0.1.0.1@sha256:e682066053a6e75478a08fd6822dd0143a3b8ea23244bdb01dd389a266447c5e,995
    pantry-tree:
      size: 224
      sha256: 969d6b60ea298ffb81697dd350e76774a2f876103a147117f832400451ad2cc3
  original:
    hackage: fgl-visualize-0.1.0.1
- completed:
    hackage: dotgen-0.4.2@sha256:309b7cc8a3593a8e48bee7b53020d5f72db156d58edf78a0214f58fbb84b292b,1402
    pantry-tree:
      size: 357
      sha256: d03f332855d4d9b02e96931596e358202bd18032c323fb1abd8fe84299d259cd
  original:
    hackage: dotgen-0.4.2
- completed:
    hackage: jvm-binary-0.10.0@sha256:749932b0bc0e3e8deb731f375b2f4d03512d581c4066414ba98f48ae9bd1f2e9,4177
    pantry-tree:
      size: 4291
      sha256: 13580c5e6d907db1196e7056a0899ee346e5a23eed83fe843e36049f0eae3e3f
  original:
    hackage: jvm-binary-0.10.0
- completed:
    hackage: dirtree-0.1.3@sha256:7c563046bb70b13cd6e04c42ff4e20f2cd0d63501fb22401d2d15335b688c83d,1712
    pantry-tree:
      size: 569
      sha256: 37e8a413e481284a259a400d085b070726c2d75d5416db81bdba4f75fba46e05
  original:
    hackage: dirtree-0.1.3
- completed:
    name: jvmhs
    version: 0.1.1
    git: https://github.com/ucla-pls/jvmhs.git
    pantry-tree:
      size: 7858
      sha256: 7968973f9a2d1fc1e110f1f8ce7a4000bc3f91998c5370280315daf7167aa48f
    commit: 9143907131a5062c9a52c34cee60776a96b9ea1f
  original:
    git: https://github.com/ucla-pls/jvmhs.git
    commit: 9143907131a5062c9a52c34cee60776a96b9ea1f
- completed:
    subdir: reduce
    name: reduce
    version: 0.3.0.0
    git: https://github.com/ucla-pls/reduce.git
    pantry-tree:
      size: 716
      sha256: 7c2bef341a9d795079becc028c8634ab0c42d67a7cde7bd8b2d2b3728320b417
    commit: d15322dbe00f75b1a0dac4a92bb111688b555db3
  original:
    subdir: reduce
    git: https://github.com/ucla-pls/reduce.git
    commit: d15322dbe00f75b1a0dac4a92bb111688b555db3
- completed:
    subdir: reduce-util
    name: reduce-util
    version: 0.1.0.0
    git: https://github.com/ucla-pls/reduce.git
    pantry-tree:
      size: 2946
      sha256: 669ca663247aa0b12779d31caf4a03ead85bd7e35a05ded5d25b27d2def6dd8b
    commit: d15322dbe00f75b1a0dac4a92bb111688b555db3
  original:
    subdir: reduce-util
    git: https://github.com/ucla-pls/reduce.git
    commit: d15322dbe00f75b1a0dac4a92bb111688b555db3
snapshots:
- completed:
    size: 567672
    url: https://raw.githubusercontent.com/commercialhaskell/stackage-snapshots/master/lts/17/11.yaml
    sha256: 03181cdbeb671eb605bbcf6f285bea4d094b6ac7433a0e14a9f1dd54ad995938
  original: lts-17.11
